# This file is generated by running "yarn install" inside your project.
# Manual changes might be lost - proceed with caution!

__metadata:
  version: 6
  cacheKey: 8

"icon-previewer@workspace:.":
  version: 0.0.0-use.local
  resolution: "icon-previewer@workspace:."
  dependencies:
    prettier: next
  languageName: unknown
  linkType: soft

"prettier@npm:next":
  version: 3.0.0-alpha.12
  resolution: "prettier@npm:3.0.0-alpha.12"
  bin:
    prettier: bin/prettier.cjs
  checksum: a5e326653997c38dcc20c1b908f90089b0e7fd7613eec67c2ec298c7637f5a26b4ca7486ed6830d9b49160467d5442769f3b5b61cbce1850122cccecf1ce73a8
  languageName: node
  linkType: hard
